{
  "name": "decked-select",
  "version": "0.0.1",
  "lockfileVersion": 3,
  "requires": true,
  "packages": {
    "": {
      "name": "decked-select",
      "version": "0.0.1",
      "license": "MIT",
      "dependencies": {
        "be-decked-with": "0.0.2"
      },
      "devDependencies": {
        "@playwright/test": "1.57.0",
        "be-valued": "0.0.7",
        "spa-ssi": "0.0.25"
      }
    },
    "node_modules/@playwright/test": {
      "version": "1.57.0",
      "resolved": "https://registry.npmjs.org/@playwright/test/-/test-1.57.0.tgz",
      "integrity": "sha512-6TyEnHgd6SArQO8UO2OMTxshln3QMWBtPGrOCgs3wVEmQmwyuNtB10IZMfmYDE0riwNR1cu4q+pPcxMVtaG3TA==",
      "dev": true,
      "license": "Apache-2.0",
      "dependencies": {
        "playwright": "1.57.0"
      },
      "bin": {
        "playwright": "cli.js"
      },
      "engines": {
        "node": ">=18"
      }
    },
    "node_modules/be-decked-with": {
      "version": "0.0.2",
      "resolved": "https://registry.npmjs.org/be-decked-with/-/be-decked-with-0.0.2.tgz",
      "integrity": "sha512-Z2offEPA2LJFYbZxgyv2kaK5s9CKD24qIMCsssJawAohNolKWKDMpvxl6xh8PCSA45+UwSvN5c0BjQGtqd/HBA==",
      "license": "MIT",
      "dependencies": {
        "be-enhanced": "0.0.189",
        "be-hive": "0.0.267",
        "mount-observer": "0.0.111",
        "trans-render": "0.0.960"
      }
    },
    "node_modules/be-enhanced": {
      "version": "0.0.189",
      "resolved": "https://registry.npmjs.org/be-enhanced/-/be-enhanced-0.0.189.tgz",
      "integrity": "sha512-SLvTPwRoLs7FBxyfQX0/fCMB0QYRJsmWTbOeh47t1a7/SWMeToOkNGtH8Z6fLATdDZvPNHqGgb/uOa2Hyblynw==",
      "license": "MIT",
      "dependencies": {
        "trans-render": "0.0.960"
      }
    },
    "node_modules/be-hive": {
      "version": "0.0.267",
      "resolved": "https://registry.npmjs.org/be-hive/-/be-hive-0.0.267.tgz",
      "integrity": "sha512-ss2xoJdyvwKli+5qC31GFElz64xQHHwB0SiRt3HGFiTAoxi2KGGMFm26A7BVx85glHuJnux6WFC/1CHx9yZTBQ==",
      "license": "MIT",
      "dependencies": {
        "be-enhanced": "0.0.189",
        "mount-observer": "0.0.105",
        "trans-render": "0.0.960"
      }
    },
    "node_modules/be-hive/node_modules/mount-observer": {
      "version": "0.0.105",
      "resolved": "https://registry.npmjs.org/mount-observer/-/mount-observer-0.0.105.tgz",
      "integrity": "sha512-CC50i6eO3wbmjzVvUPcOcyJ7O2wggRiOrC3TO4LGLkJaiJQGWkfr8pX/4rqi+mY2PK96uPjGd1mhAwS1tEEvHQ==",
      "license": "MIT"
    },
    "node_modules/be-valued": {
      "version": "0.0.7",
      "resolved": "https://registry.npmjs.org/be-valued/-/be-valued-0.0.7.tgz",
      "integrity": "sha512-lBc85ZhhKSO0gEgXeX9epjvJapcAfnsgDwR9rZii/9Dnxj/8KqjNbnqJOO1j9K0EgjPHqLkPL9LBjKYREhBU/Q==",
      "dev": true,
      "license": "MIT",
      "dependencies": {
        "be-enhanced": "0.0.188",
        "be-hive": "0.0.266",
        "trans-render": "0.0.958",
        "xtal-element": "0.0.633"
      }
    },
    "node_modules/be-valued/node_modules/be-enhanced": {
      "version": "0.0.188",
      "resolved": "https://registry.npmjs.org/be-enhanced/-/be-enhanced-0.0.188.tgz",
      "integrity": "sha512-SLi3+JCGxh3bVK4f4c5TxBaPyRtmDjcN0OICXSPXsgLh93FfBwFYwNDgGNSYgBncUYCGcEwUGN11+QyPnIRYEg==",
      "dev": true,
      "license": "MIT",
      "dependencies": {
        "trans-render": "0.0.958"
      }
    },
    "node_modules/be-valued/node_modules/be-hive": {
      "version": "0.0.266",
      "resolved": "https://registry.npmjs.org/be-hive/-/be-hive-0.0.266.tgz",
      "integrity": "sha512-LVlmW4KJrYghpF2cxHEZl+QjGBkM3ZQlXUsOoKhnI4ExpDLJHWW7uwXyjpT0OYDeqTzaMvoJAD5YS0mXxXjpRA==",
      "dev": true,
      "license": "MIT",
      "dependencies": {
        "be-enhanced": "0.0.188",
        "mount-observer": "0.0.102",
        "trans-render": "0.0.958"
      }
    },
    "node_modules/be-valued/node_modules/mount-observer": {
      "version": "0.0.102",
      "resolved": "https://registry.npmjs.org/mount-observer/-/mount-observer-0.0.102.tgz",
      "integrity": "sha512-nq10psatsKhYwe5Ps8shSmMwMxlpQCMQbOVVtCPWLDOgwtFnUwFmey8N0XpGck3wC6M0Q8INlF/Wl2zFD0y0tg==",
      "dev": true,
      "license": "MIT"
    },
    "node_modules/be-valued/node_modules/trans-render": {
      "version": "0.0.958",
      "resolved": "https://registry.npmjs.org/trans-render/-/trans-render-0.0.958.tgz",
      "integrity": "sha512-OlPKCCaMcuj3gg4iUrZIyrRQ69wqsi/sEYXxbz5unyQUSb5RfDzHyLPM5Mdok+vf9pX81jAPjIxcVRXtl3WQgQ==",
      "dev": true,
      "license": "MIT",
      "dependencies": {
        "mount-observer": "0.0.102"
      }
    },
    "node_modules/blow-dry": {
      "version": "0.0.11",
      "resolved": "https://registry.npmjs.org/blow-dry/-/blow-dry-0.0.11.tgz",
      "integrity": "sha512-GJC9OTEDQRti0mlAZ2tHPRyDOod2pr7ZXa08Ze9MM/cQ+fFDXOdArL9H08/R7Xnftb/rNBIUE4gBFOZulGynYw==",
      "dev": true,
      "license": "MIT"
    },
    "node_modules/fsevents": {
      "version": "2.3.2",
      "resolved": "https://registry.npmjs.org/fsevents/-/fsevents-2.3.2.tgz",
      "integrity": "sha512-xiqMQR4xAeHTuB9uWm+fFRcIOgKBMiOBP+eXiyT7jsgVCq1bkVygt00oASowB7EdtpOHaaPgKt812P9ab+DDKA==",
      "dev": true,
      "hasInstallScript": true,
      "license": "MIT",
      "optional": true,
      "os": [
        "darwin"
      ],
      "engines": {
        "node": "^8.16.0 || ^10.6.0 || >=11.0.0"
      }
    },
    "node_modules/mount-observer": {
      "version": "0.0.111",
      "resolved": "https://registry.npmjs.org/mount-observer/-/mount-observer-0.0.111.tgz",
      "integrity": "sha512-5vlmCX9Mw+jnunGKAcwkIXTXegiU4dlIf2C7NB5+f9eLhtpY0k5171Pss/2NMJev/xx9KyGMvV+5BDLCGcJVrA==",
      "license": "MIT"
    },
    "node_modules/playwright": {
      "version": "1.57.0",
      "resolved": "https://registry.npmjs.org/playwright/-/playwright-1.57.0.tgz",
      "integrity": "sha512-ilYQj1s8sr2ppEJ2YVadYBN0Mb3mdo9J0wQ+UuDhzYqURwSoW4n1Xs5vs7ORwgDGmyEh33tRMeS8KhdkMoLXQw==",
      "dev": true,
      "license": "Apache-2.0",
      "dependencies": {
        "playwright-core": "1.57.0"
      },
      "bin": {
        "playwright": "cli.js"
      },
      "engines": {
        "node": ">=18"
      },
      "optionalDependencies": {
        "fsevents": "2.3.2"
      }
    },
    "node_modules/playwright-core": {
      "version": "1.57.0",
      "resolved": "https://registry.npmjs.org/playwright-core/-/playwright-core-1.57.0.tgz",
      "integrity": "sha512-agTcKlMw/mjBWOnD6kFZttAAGHgi/Nw0CZ2o6JqWSbMlI219lAFLZZCyqByTsvVAJq5XA5H8cA6PrvBRpBWEuQ==",
      "dev": true,
      "license": "Apache-2.0",
      "bin": {
        "playwright-core": "cli.js"
      },
      "engines": {
        "node": ">=18"
      }
    },
    "node_modules/spa-ssi": {
      "version": "0.0.25",
      "resolved": "https://registry.npmjs.org/spa-ssi/-/spa-ssi-0.0.25.tgz",
      "integrity": "sha512-TQN7YX9CWcAQamRy+CTwiwsuOsiAh6xBM3DuhIt7Nrb1oSRycZdt4/c50yV/k3gpYy3lU9AcPJwjlSS14/4WQQ==",
      "dev": true,
      "license": "MIT"
    },
    "node_modules/trans-render": {
      "version": "0.0.960",
      "resolved": "https://registry.npmjs.org/trans-render/-/trans-render-0.0.960.tgz",
      "integrity": "sha512-Z3j27xwGj9NV9KnFbNbRN1DYJkHtsu0BuJEg9fw2W7QBxjcv/YGePqU+j0TGEHxTwzsgZ95LxD8QC2iPxnJdCw==",
      "license": "MIT",
      "dependencies": {
        "mount-observer": "0.0.105"
      }
    },
    "node_modules/trans-render/node_modules/mount-observer": {
      "version": "0.0.105",
      "resolved": "https://registry.npmjs.org/mount-observer/-/mount-observer-0.0.105.tgz",
      "integrity": "sha512-CC50i6eO3wbmjzVvUPcOcyJ7O2wggRiOrC3TO4LGLkJaiJQGWkfr8pX/4rqi+mY2PK96uPjGd1mhAwS1tEEvHQ==",
      "license": "MIT"
    },
    "node_modules/xtal-element": {
      "version": "0.0.633",
      "resolved": "https://registry.npmjs.org/xtal-element/-/xtal-element-0.0.633.tgz",
      "integrity": "sha512-mblPg+Xtz6gSI2+yLXVdhnSLki1jc9VDBhH6S9V1zx1/CAR85Lg7VCccvwErBRWAriaoSCVPTTkwxB5X/lc6AQ==",
      "dev": true,
      "license": "MIT",
      "dependencies": {
        "blow-dry": "0.0.11",
        "trans-render": "0.0.958"
      }
    },
    "node_modules/xtal-element/node_modules/mount-observer": {
      "version": "0.0.102",
      "resolved": "https://registry.npmjs.org/mount-observer/-/mount-observer-0.0.102.tgz",
      "integrity": "sha512-nq10psatsKhYwe5Ps8shSmMwMxlpQCMQbOVVtCPWLDOgwtFnUwFmey8N0XpGck3wC6M0Q8INlF/Wl2zFD0y0tg==",
      "dev": true,
      "license": "MIT"
    },
    "node_modules/xtal-element/node_modules/trans-render": {
      "version": "0.0.958",
      "resolved": "https://registry.npmjs.org/trans-render/-/trans-render-0.0.958.tgz",
      "integrity": "sha512-OlPKCCaMcuj3gg4iUrZIyrRQ69wqsi/sEYXxbz5unyQUSb5RfDzHyLPM5Mdok+vf9pX81jAPjIxcVRXtl3WQgQ==",
      "dev": true,
      "license": "MIT",
      "dependencies": {
        "mount-observer": "0.0.102"
      }
    }
  }
}
